// !$*UTF8*$!
{
	archiveVersion = 1;
	classes = {
	};
	objectVersion = 56;
	objects = {

/* Begin PBXBuildFile section */
		3014F626297715E900E03452 /* SeriesCollectionViewCell.swift in Sources */ = {isa = PBXBuildFile; fileRef = 3014F625297715E900E03452 /* SeriesCollectionViewCell.swift */; };
		D931699028F9A8440067C4D4 /* AppDelegate.swift in Sources */ = {isa = PBXBuildFile; fileRef = D931698F28F9A8440067C4D4 /* AppDelegate.swift */; };
		D931699228F9A8440067C4D4 /* SceneDelegate.swift in Sources */ = {isa = PBXBuildFile; fileRef = D931699128F9A8440067C4D4 /* SceneDelegate.swift */; };
		D931699428F9A8440067C4D4 /* MovieViewController.swift in Sources */ = {isa = PBXBuildFile; fileRef = D931699328F9A8440067C4D4 /* MovieViewController.swift */; };
		D931699928F9A8460067C4D4 /* Assets.xcassets in Resources */ = {isa = PBXBuildFile; fileRef = D931699828F9A8460067C4D4 /* Assets.xcassets */; };
		D931699C28F9A8460067C4D4 /* LaunchScreen.storyboard in Resources */ = {isa = PBXBuildFile; fileRef = D931699A28F9A8460067C4D4 /* LaunchScreen.storyboard */; };
		D93169A428F9AD500067C4D4 /* MovieViewModel.swift in Sources */ = {isa = PBXBuildFile; fileRef = D93169A328F9AD500067C4D4 /* MovieViewModel.swift */; };
		D93169A628F9AD950067C4D4 /* MovieCollectionCell.swift in Sources */ = {isa = PBXBuildFile; fileRef = D93169A528F9AD950067C4D4 /* MovieCollectionCell.swift */; };
		D93169A828F9AE320067C4D4 /* MovieDetailsViewController.swift in Sources */ = {isa = PBXBuildFile; fileRef = D93169A728F9AE320067C4D4 /* MovieDetailsViewController.swift */; };
		D93169AA28F9AE580067C4D4 /* MovieDetailsViewModel.swift in Sources */ = {isa = PBXBuildFile; fileRef = D93169A928F9AE580067C4D4 /* MovieDetailsViewModel.swift */; };
		D93169AC28F9AE7E0067C4D4 /* MovieDetailsCollectionViewCell.swift in Sources */ = {isa = PBXBuildFile; fileRef = D93169AB28F9AE7E0067C4D4 /* MovieDetailsCollectionViewCell.swift */; };
		D93169AE28F9AF400067C4D4 /* MoviesModel.swift in Sources */ = {isa = PBXBuildFile; fileRef = D93169AD28F9AF400067C4D4 /* MoviesModel.swift */; };
		D93169B028F9AF4A0067C4D4 /* Network.swift in Sources */ = {isa = PBXBuildFile; fileRef = D93169AF28F9AF4A0067C4D4 /* Network.swift */; };
		D93212F2296749E600EDD62E /* HomeViewController.swift in Sources */ = {isa = PBXBuildFile; fileRef = D93212F1296749E600EDD62E /* HomeViewController.swift */; };
		D93212F4296752C200EDD62E /* SeriesViewController.swift in Sources */ = {isa = PBXBuildFile; fileRef = D93212F3296752C200EDD62E /* SeriesViewController.swift */; };
/* End PBXBuildFile section */

/* Begin PBXFileReference section */
		3014F625297715E900E03452 /* SeriesCollectionViewCell.swift */ = {isa = PBXFileReference; lastKnownFileType = sourcecode.swift; path = SeriesCollectionViewCell.swift; sourceTree = "<group>"; };
		D931698C28F9A8440067C4D4 /* MoviesApp.app */ = {isa = PBXFileReference; explicitFileType = wrapper.application; includeInIndex = 0; path = MoviesApp.app; sourceTree = BUILT_PRODUCTS_DIR; };
		D931698F28F9A8440067C4D4 /* AppDelegate.swift */ = {isa = PBXFileReference; lastKnownFileType = sourcecode.swift; path = AppDelegate.swift; sourceTree = "<group>"; };
		D931699128F9A8440067C4D4 /* SceneDelegate.swift */ = {isa = PBXFileReference; lastKnownFileType = sourcecode.swift; path = SceneDelegate.swift; sourceTree = "<group>"; };
		D931699328F9A8440067C4D4 /* MovieViewController.swift */ = {isa = PBXFileReference; lastKnownFileType = sourcecode.swift; path = MovieViewController.swift; sourceTree = "<group>"; };
		D931699828F9A8460067C4D4 /* Assets.xcassets */ = {isa = PBXFileReference; lastKnownFileType = folder.assetcatalog; path = Assets.xcassets; sourceTree = "<group>"; };
		D931699B28F9A8460067C4D4 /* Base */ = {isa = PBXFileReference; lastKnownFileType = file.storyboard; name = Base; path = Base.lproj/LaunchScreen.storyboard; sourceTree = "<group>"; };
		D931699D28F9A8460067C4D4 /* Info.plist */ = {isa = PBXFileReference; lastKnownFileType = text.plist.xml; path = Info.plist; sourceTree = "<group>"; };
		D93169A328F9AD500067C4D4 /* MovieViewModel.swift */ = {isa = PBXFileReference; lastKnownFileType = sourcecode.swift; path = MovieViewModel.swift; sourceTree = "<group>"; };
		D93169A528F9AD950067C4D4 /* MovieCollectionCell.swift */ = {isa = PBXFileReference; lastKnownFileType = sourcecode.swift; path = MovieCollectionCell.swift; sourceTree = "<group>"; };
		D93169A728F9AE320067C4D4 /* MovieDetailsViewController.swift */ = {isa = PBXFileReference; lastKnownFileType = sourcecode.swift; path = MovieDetailsViewController.swift; sourceTree = "<group>"; };
		D93169A928F9AE580067C4D4 /* MovieDetailsViewModel.swift */ = {isa = PBXFileReference; lastKnownFileType = sourcecode.swift; path = MovieDetailsViewModel.swift; sourceTree = "<group>"; };
		D93169AB28F9AE7E0067C4D4 /* MovieDetailsCollectionViewCell.swift */ = {isa = PBXFileReference; lastKnownFileType = sourcecode.swift; path = MovieDetailsCollectionViewCell.swift; sourceTree = "<group>"; };
		D93169AD28F9AF400067C4D4 /* MoviesModel.swift */ = {isa = PBXFileReference; lastKnownFileType = sourcecode.swift; path = MoviesModel.swift; sourceTree = "<group>"; };
		D93169AF28F9AF4A0067C4D4 /* Network.swift */ = {isa = PBXFileReference; lastKnownFileType = sourcecode.swift; path = Network.swift; sourceTree = "<group>"; };
		D93212F1296749E600EDD62E /* HomeViewController.swift */ = {isa = PBXFileReference; lastKnownFileType = sourcecode.swift; path = HomeViewController.swift; sourceTree = "<group>"; };
		D93212F3296752C200EDD62E /* SeriesViewController.swift */ = {isa = PBXFileReference; lastKnownFileType = sourcecode.swift; path = SeriesViewController.swift; sourceTree = "<group>"; };
/* End PBXFileReference section */

/* Begin PBXFrameworksBuildPhase section */
		D931698928F9A8440067C4D4 /* Frameworks */ = {
			isa = PBXFrameworksBuildPhase;
			buildActionMask = 2147483647;
			files = (
			);
			runOnlyForDeploymentPostprocessing = 0;
		};
/* End PBXFrameworksBuildPhase section */

/* Begin PBXGroup section */
		D931698328F9A8440067C4D4 = {
			isa = PBXGroup;
			children = (
				D931698E28F9A8440067C4D4 /* MoviesApp */,
				D931698D28F9A8440067C4D4 /* Products */,
			);
			sourceTree = "<group>";
		};
		D931698D28F9A8440067C4D4 /* Products */ = {
			isa = PBXGroup;
			children = (
				D931698C28F9A8440067C4D4 /* MoviesApp.app */,
			);
			name = Products;
			sourceTree = "<group>";
		};
		D931698E28F9A8440067C4D4 /* MoviesApp */ = {
			isa = PBXGroup;
			children = (
				D93212F02967489E00EDD62E /* Series */,
				D93212EF2967488200EDD62E /* Home */,
				D93169B528F9BAC50067C4D4 /* Service */,
				D93169B428F9BABB0067C4D4 /* Model */,
				D93169B328F9BA5B0067C4D4 /* Delegates */,
				D93169B228F9BA490067C4D4 /* MovieDetails */,
				D93169B128F9BA150067C4D4 /* Movie */,
				D931699828F9A8460067C4D4 /* Assets.xcassets */,
				D931699A28F9A8460067C4D4 /* LaunchScreen.storyboard */,
				D931699D28F9A8460067C4D4 /* Info.plist */,
			);
			path = MoviesApp;
			sourceTree = "<group>";
		};
		D93169B128F9BA150067C4D4 /* Movie */ = {
			isa = PBXGroup;
			children = (
				D931699328F9A8440067C4D4 /* MovieViewController.swift */,
				D93169A328F9AD500067C4D4 /* MovieViewModel.swift */,
				D93169A528F9AD950067C4D4 /* MovieCollectionCell.swift */,
			);
			path = Movie;
			sourceTree = "<group>";
		};
		D93169B228F9BA490067C4D4 /* MovieDetails */ = {
			isa = PBXGroup;
			children = (
				D93169A728F9AE320067C4D4 /* MovieDetailsViewController.swift */,
				D93169A928F9AE580067C4D4 /* MovieDetailsViewModel.swift */,
				D93169AB28F9AE7E0067C4D4 /* MovieDetailsCollectionViewCell.swift */,
			);
			path = MovieDetails;
			sourceTree = "<group>";
		};
		D93169B328F9BA5B0067C4D4 /* Delegates */ = {
			isa = PBXGroup;
			children = (
				D931698F28F9A8440067C4D4 /* AppDelegate.swift */,
				D931699128F9A8440067C4D4 /* SceneDelegate.swift */,
			);
			path = Delegates;
			sourceTree = "<group>";
		};
		D93169B428F9BABB0067C4D4 /* Model */ = {
			isa = PBXGroup;
			children = (
				D93169AD28F9AF400067C4D4 /* MoviesModel.swift */,
			);
			path = Model;
			sourceTree = "<group>";
		};
		D93169B528F9BAC50067C4D4 /* Service */ = {
			isa = PBXGroup;
			children = (
				D93169AF28F9AF4A0067C4D4 /* Network.swift */,
			);
			path = Service;
			sourceTree = "<group>";
		};
		D93212EF2967488200EDD62E /* Home */ = {
			isa = PBXGroup;
			children = (
				D93212F1296749E600EDD62E /* HomeViewController.swift */,
			);
			path = Home;
			sourceTree = "<group>";
		};
		D93212F02967489E00EDD62E /* Series */ = {
			isa = PBXGroup;
			children = (
				D93212F3296752C200EDD62E /* SeriesViewController.swift */,
				3014F625297715E900E03452 /* SeriesCollectionViewCell.swift */,
			);
			path = Series;
			sourceTree = "<group>";
		};
/* End PBXGroup section */

/* Begin PBXNativeTarget section */
		D931698B28F9A8440067C4D4 /* MoviesApp */ = {
			isa = PBXNativeTarget;
			buildConfigurationList = D93169A028F9A8460067C4D4 /* Build configuration list for PBXNativeTarget "MoviesApp" */;
			buildPhases = (
				D931698828F9A8440067C4D4 /* Sources */,
				D931698928F9A8440067C4D4 /* Frameworks */,
				D931698A28F9A8440067C4D4 /* Resources */,
			);
			buildRules = (
			);
			dependencies = (
			);
			name = MoviesApp;
			productName = MoviesApp;
			productReference = D931698C28F9A8440067C4D4 /* MoviesApp.app */;
			productType = "com.apple.product-type.application";
		};
/* End PBXNativeTarget section */

/* Begin PBXProject section */
		D931698428F9A8440067C4D4 /* Project object */ = {
			isa = PBXProject;
			attributes = {
				BuildIndependentTargetsInParallel = 1;
				LastSwiftUpdateCheck = 1400;
				LastUpgradeCheck = 1400;
				TargetAttributes = {
					D931698B28F9A8440067C4D4 = {
						CreatedOnToolsVersion = 14.0.1;
					};
				};
			};
			buildConfigurationList = D931698728F9A8440067C4D4 /* Build configuration list for PBXProject "MoviesApp" */;
			compatibilityVersion = "Xcode 14.0";
			developmentRegion = en;
			hasScannedForEncodings = 0;
			knownRegions = (
				en,
				Base,
			);
			mainGroup = D931698328F9A8440067C4D4;
			productRefGroup = D931698D28F9A8440067C4D4 /* Products */;
			projectDirPath = "";
			projectRoot = "";
			targets = (
				D931698B28F9A8440067C4D4 /* MoviesApp */,
			);
		};
/* End PBXProject section */

/* Begin PBXResourcesBuildPhase section */
		D931698A28F9A8440067C4D4 /* Resources */ = {
			isa = PBXResourcesBuildPhase;
			buildActionMask = 2147483647;
			files = (
				D931699C28F9A8460067C4D4 /* LaunchScreen.storyboard in Resources */,
				D931699928F9A8460067C4D4 /* Assets.xcassets in Resources */,
			);
			runOnlyForDeploymentPostprocessing = 0;
		};
/* End PBXResourcesBuildPhase section */

/* Begin PBXSourcesBuildPhase section */
		D931698828F9A8440067C4D4 /* Sources */ = {
			isa = PBXSourcesBuildPhase;
			buildActionMask = 2147483647;
			files = (
				D93169B028F9AF4A0067C4D4 /* Network.swift in Sources */,
				3014F626297715E900E03452 /* SeriesCollectionViewCell.swift in Sources */,
				D93169AA28F9AE580067C4D4 /* MovieDetailsViewModel.swift in Sources */,
				D93169A628F9AD950067C4D4 /* MovieCollectionCell.swift in Sources */,
				D93212F4296752C200EDD62E /* SeriesViewController.swift in Sources */,
				D93169AE28F9AF400067C4D4 /* MoviesModel.swift in Sources */,
				D931699428F9A8440067C4D4 /* MovieViewController.swift in Sources */,
				D93169A828F9AE320067C4D4 /* MovieDetailsViewController.swift in Sources */,
				D93169AC28F9AE7E0067C4D4 /* MovieDetailsCollectionViewCell.swift in Sources */,
				D93212F2296749E600EDD62E /* HomeViewController.swift in Sources */,
				D931699028F9A8440067C4D4 /* AppDelegate.swift in Sources */,
				D931699228F9A8440067C4D4 /* SceneDelegate.swift in Sources */,
				D93169A428F9AD500067C4D4 /* MovieViewModel.swift in Sources */,
			);
			runOnlyForDeploymentPostprocessing = 0;
		};
/* End PBXSourcesBuildPhase section */

/* Begin PBXVariantGroup section */
		D931699A28F9A8460067C4D4 /* LaunchScreen.storyboard */ = {
			isa = PBXVariantGroup;
			children = (
				D931699B28F9A8460067C4D4 /* Base */,
			);
			name = LaunchScreen.storyboard;
			sourceTree = "<group>";
		};
/* End PBXVariantGroup section */

/* Begin XCBuildConfiguration section */
		D931699E28F9A8460067C4D4 /* Debug */ = {
			isa = XCBuildConfiguration;
			buildSettings = {
				ALWAYS_SEARCH_USER_PATHS = NO;
				CLANG_ANALYZER_NONNULL = YES;
				CLANG_ANALYZER_NUMBER_OBJECT_CONVERSION = YES_AGGRESSIVE;
				CLANG_CXX_LANGUAGE_STANDARD = "gnu++20";
				CLANG_ENABLE_MODULES = YES;
				CLANG_ENABLE_OBJC_ARC = YES;
				CLANG_ENABLE_OBJC_WEAK = YES;
				CLANG_WARN_BLOCK_CAPTURE_AUTORELEASING = YES;
				CLANG_WARN_BOOL_CONVERSION = YES;
				CLANG_WARN_COMMA = YES;
				CLANG_WARN_CONSTANT_CONVERSION = YES;
				CLANG_WARN_DEPRECATED_OBJC_IMPLEMENTATIONS = YES;
				CLANG_WARN_DIRECT_OBJC_ISA_USAGE = YES_ERROR;
				CLANG_WARN_DOCUMENTATION_COMMENTS = YES;
				CLANG_WARN_EMPTY_BODY = YES;
				CLANG_WARN_ENUM_CONVERSION = YES;
				CLANG_WARN_INFINITE_RECURSION = YES;
				CLANG_WARN_INT_CONVERSION = YES;
				CLANG_WARN_NON_LITERAL_NULL_CONVERSION = YES;
				CLANG_WARN_OBJC_IMPLICIT_RETAIN_SELF = YES;
				CLANG_WARN_OBJC_LITERAL_CONVERSION = YES;
				CLANG_WARN_OBJC_ROOT_CLASS = YES_ERROR;
				CLANG_WARN_QUOTED_INCLUDE_IN_FRAMEWORK_HEADER = YES;
				CLANG_WARN_RANGE_LOOP_ANALYSIS = YES;
				CLANG_WARN_STRICT_PROTOTYPES = YES;
				CLANG_WARN_SUSPICIOUS_MOVE = YES;
				CLANG_WARN_UNGUARDED_AVAILABILITY = YES_AGGRESSIVE;
				CLANG_WARN_UNREACHABLE_CODE = YES;
				CLANG_WARN__DUPLICATE_METHOD_MATCH = YES;
				COPY_PHASE_STRIP = NO;
				DEBUG_INFORMATION_FORMAT = dwarf;
				ENABLE_STRICT_OBJC_MSGSEND = YES;
				ENABLE_TESTABILITY = YES;
				GCC_C_LANGUAGE_STANDARD = gnu11;
				GCC_DYNAMIC_NO_PIC = NO;
				GCC_NO_COMMON_BLOCKS = YES;
				GCC_OPTIMIZATION_LEVEL = 0;
				GCC_PREPROCESSOR_DEFINITIONS = (
					"DEBUG=1",
					"$(inherited)",
				);
				GCC_WARN_64_TO_32_BIT_CONVERSION = YES;
				GCC_WARN_ABOUT_RETURN_TYPE = YES_ERROR;
				GCC_WARN_UNDECLARED_SELECTOR = YES;
				GCC_WARN_UNINITIALIZED_AUTOS = YES_AGGRESSIVE;
				GCC_WARN_UNUSED_FUNCTION = YES;
				GCC_WARN_UNUSED_VARIABLE = YES;
				IPHONEOS_DEPLOYMENT_TARGET = 16.0;
				MTL_ENABLE_DEBUG_INFO = INCLUDE_SOURCE;
				MTL_FAST_MATH = YES;
				ONLY_ACTIVE_ARCH = YES;
				SDKROOT = iphoneos;
				SWIFT_ACTIVE_COMPILATION_CONDITIONS = DEBUG;
				SWIFT_OPTIMIZATION_LEVEL = "-Onone";
			};
			name = Debug;
		};
		D931699F28F9A8460067C4D4 /* Release */ = {
			isa = XCBuildConfiguration;
			buildSettings = {
				ALWAYS_SEARCH_USER_PATHS = NO;
				CLANG_ANALYZER_NONNULL = YES;
				CLANG_ANALYZER_NUMBER_OBJECT_CONVERSION = YES_AGGRESSIVE;
				CLANG_CXX_LANGUAGE_STANDARD = "gnu++20";
				CLANG_ENABLE_MODULES = YES;
				CLANG_ENABLE_OBJC_ARC = YES;
				CLANG_ENABLE_OBJC_WEAK = YES;
				CLANG_WARN_BLOCK_CAPTURE_AUTORELEASING = YES;
				CLANG_WARN_BOOL_CONVERSION = YES;
				CLANG_WARN_COMMA = YES;
				CLANG_WARN_CONSTANT_CONVERSION = YES;
				CLANG_WARN_DEPRECATED_OBJC_IMPLEMENTATIONS = YES;
				CLANG_WARN_DIRECT_OBJC_ISA_USAGE = YES_ERROR;
				CLANG_WARN_DOCUMENTATION_COMMENTS = YES;
				CLANG_WARN_EMPTY_BODY = YES;
				CLANG_WARN_ENUM_CONVERSION = YES;
				CLANG_WARN_INFINITE_RECURSION = YES;
				CLANG_WARN_INT_CONVERSION = YES;
				CLANG_WARN_NON_LITERAL_NULL_CONVERSION = YES;
				CLANG_WARN_OBJC_IMPLICIT_RETAIN_SELF = YES;
				CLANG_WARN_OBJC_LITERAL_CONVERSION = YES;
				CLANG_WARN_OBJC_ROOT_CLASS = YES_ERROR;
				CLANG_WARN_QUOTED_INCLUDE_IN_FRAMEWORK_HEADER = YES;
				CLANG_WARN_RANGE_LOOP_ANALYSIS = YES;
				CLANG_WARN_STRICT_PROTOTYPES = YES;
				CLANG_WARN_SUSPICIOUS_MOVE = YES;
				CLANG_WARN_UNGUARDED_AVAILABILITY = YES_AGGRESSIVE;
				CLANG_WARN_UNREACHABLE_CODE = YES;
				CLANG_WARN__DUPLICATE_METHOD_MATCH = YES;
				COPY_PHASE_STRIP = NO;
				DEBUG_INFORMATION_FORMAT = "dwarf-with-dsym";
				ENABLE_NS_ASSERTIONS = NO;
				ENABLE_STRICT_OBJC_MSGSEND = YES;
				GCC_C_LANGUAGE_STANDARD = gnu11;
				GCC_NO_COMMON_BLOCKS = YES;
				GCC_WARN_64_TO_32_BIT_CONVERSION = YES;
				GCC_WARN_ABOUT_RETURN_TYPE = YES_ERROR;
				GCC_WARN_UNDECLARED_SELECTOR = YES;
				GCC_WARN_UNINITIALIZED_AUTOS = YES_AGGRESSIVE;
				GCC_WARN_UNUSED_FUNCTION = YES;
				GCC_WARN_UNUSED_VARIABLE = YES;
				IPHONEOS_DEPLOYMENT_TARGET = 16.0;
				MTL_ENABLE_DEBUG_INFO = NO;
				MTL_FAST_MATH = YES;
				SDKROOT = iphoneos;
				SWIFT_COMPILATION_MODE = wholemodule;
				SWIFT_OPTIMIZATION_LEVEL = "-O";
				VALIDATE_PRODUCT = YES;
			};
			name = Release;
		};
		D93169A128F9A8460067C4D4 /* Debug */ = {
			isa = XCBuildConfiguration;
			buildSettings = {
				ASSETCATALOG_COMPILER_APPICON_NAME = AppIcon;
				ASSETCATALOG_COMPILER_GLOBAL_ACCENT_COLOR_NAME = AccentColor;
				CODE_SIGN_STYLE = Automatic;
				CURRENT_PROJECT_VERSION = 1;
				DEVELOPMENT_TEAM = B8NGYASRWZ;
				GENERATE_INFOPLIST_FILE = YES;
				INFOPLIST_FILE = MoviesApp/Info.plist;
				INFOPLIST_KEY_UIApplicationSupportsIndirectInputEvents = YES;
				INFOPLIST_KEY_UILaunchStoryboardName = LaunchScreen;
				INFOPLIST_KEY_UISupportedInterfaceOrientations_iPad = "UIInterfaceOrientationPortrait UIInterfaceOrientationPortraitUpsideDown UIInterfaceOrientationLandscapeLeft UIInterfaceOrientationLandscapeRight";
				INFOPLIST_KEY_UISupportedInterfaceOrientations_iPhone = "UIInterfaceOrientationPortrait UIInterfaceOrientationLandscapeLeft UIInterfaceOrientationLandscapeRight";
				LD_RUNPATH_SEARCH_PATHS = (
					"$(inherited)",
					"@executable_path/Frameworks",
				);
				MARKETING_VERSION = 1.0;
				PRODUCT_BUNDLE_IDENTIFIER = "lucas-galvao.MoviesApp";
				PRODUCT_NAME = "$(TARGET_NAME)";
				SWIFT_EMIT_LOC_STRINGS = YES;
				SWIFT_VERSION = 5.0;
				TARGETED_DEVICE_FAMILY = "1,2";
			};
			name = Debug;
		};
		D93169A228F9A8460067C4D4 /* Release */ = {
			isa = XCBuildConfiguration;
			buildSettings = {
				ASSETCATALOG_COMPILER_APPICON_NAME = AppIcon;
				ASSETCATALOG_COMPILER_GLOBAL_ACCENT_COLOR_NAME = AccentColor;
				CODE_SIGN_STYLE = Automatic;
				CURRENT_PROJECT_VERSION = 1;
				DEVELOPMENT_TEAM = B8NGYASRWZ;
				GENERATE_INFOPLIST_FILE = YES;
				INFOPLIST_FILE = MoviesApp/Info.plist;
				INFOPLIST_KEY_UIApplicationSupportsIndirectInputEvents = YES;
				INFOPLIST_KEY_UILaunchStoryboardName = LaunchScreen;
				INFOPLIST_KEY_UISupportedInterfaceOrientations_iPad = "UIInterfaceOrientationPortrait UIInterfaceOrientationPortraitUpsideDown UIInterfaceOrientationLandscapeLeft UIInterfaceOrientationLandscapeRight";
				INFOPLIST_KEY_UISupportedInterfaceOrientations_iPhone = "UIInterfaceOrientationPortrait UIInterfaceOrientationLandscapeLeft UIInterfaceOrientationLandscapeRight";
				LD_RUNPATH_SEARCH_PATHS = (
					"$(inherited)",
					"@executable_path/Frameworks",
				);
				MARKETING_VERSION = 1.0;
				PRODUCT_BUNDLE_IDENTIFIER = "lucas-galvao.MoviesApp";
				PRODUCT_NAME = "$(TARGET_NAME)";
				SWIFT_EMIT_LOC_STRINGS = YES;
				SWIFT_VERSION = 5.0;
				TARGETED_DEVICE_FAMILY = "1,2";
			};
			name = Release;
		};
/* End XCBuildConfiguration section */

/* Begin XCConfigurationList section */
		D931698728F9A8440067C4D4 /* Build configuration list for PBXProject "MoviesApp" */ = {
			isa = XCConfigurationList;
			buildConfigurations = (
				D931699E28F9A8460067C4D4 /* Debug */,
				D931699F28F9A8460067C4D4 /* Release */,
			);
			defaultConfigurationIsVisible = 0;
			defaultConfigurationName = Release;
		};
		D93169A028F9A8460067C4D4 /* Build configuration list for PBXNativeTarget "MoviesApp" */ = {
			isa = XCConfigurationList;
			buildConfigurations = (
				D93169A128F9A8460067C4D4 /* Debug */,
				D93169A228F9A8460067C4D4 /* Release */,
			);
			defaultConfigurationIsVisible = 0;
			defaultConfigurationName = Release;
		};
/* End XCConfigurationList section */
	};
	rootObject = D931698428F9A8440067C4D4 /* Project object */;
}
